{
  "pins" : [
    {
      "identity" : "generative-ai-swift",
      "kind" : "remoteSourceControl",
      "location" : "https://github.com/google/generative-ai-swift",
      "state" : {
        "revision" : "a155dbd2f2fd3f1c4bdfb1c3bd4d583cdfbb12f7",
        "version" : "0.4.3"
      }
    },
    {
      "identity" : "gsplayer",
      "kind" : "remoteSourceControl",
      "location" : "https://github.com/wxxsw/GSPlayer.git",
      "state" : {
        "revision" : "706fc28fcc8e33607993903eca82d9f6c7c3f6d2",
        "version" : "0.2.27"
      }
    },
    {
      "identity" : "kingfisher",
      "kind" : "remoteSourceControl",
      "location" : "https://github.com/onevcat/Kingfisher.git",
      "state" : {
        "revision" : "add0a87ec4e31e2ca2a0b2085f0559201e4f5918",
        "version" : "7.10.1"
      }
    },
    {
      "identity" : "swiftuiektensions",
      "kind" : "remoteSourceControl",
      "location" : "https://github.com/EnesKaraosman/SwiftUIEKtensions.git",
      "state" : {
        "revision" : "21421df3266c99b83992face9e1523c8f1acb924",
        "version" : "0.2.0"
      }
    },
    {
      "identity" : "swiftychat",
      "kind" : "remoteSourceControl",
      "location" : "https://github.com/EnesKaraosman/SwiftyChat.git",
      "state" : {
        "revision" : "a72360775177b22124f6269f762f80ed6ddc3b85",
        "version" : "2.4.1"
      }
    },
    {
      "identity" : "videoplayer",
      "kind" : "remoteSourceControl",
      "location" : "https://github.com/wxxsw/VideoPlayer.git",
      "state" : {
        "revision" : "0a271928849292713daf471398a2a9185f28709c",
        "version" : "1.2.4"
      }
    },
    {
      "identity" : "wrappinghstack",
      "kind" : "remoteSourceControl",
      "location" : "https://github.com/dkk/WrappingHStack.git",
      "state" : {
        "revision" : "425d9488ba55f58f0b34498c64c054c77fc2a44b",
        "version" : "2.2.11"
      }
    }
  ],
  "version" : 2
}
